
Microsoft Visual Studio Solution File, Format Version 12.00
# Visual Studio Version 16
VisualStudioVersion = 16.0.31205.134
MinimumVisualStudioVersion = 10.0.40219.1
Project("{FAE04EC0-301F-11D3-BF4B-00C04F79EFBC}") = "Multilevel inheritance", "Multilevel inheritance.csproj", "{AFC5A56B-6D1F-4A95-B866-2E9116AD1F66}"
EndProject
Global
	GlobalSection(SolutionConfigurationPlatforms) = preSolution
		Debug|Any CPU = Debug|Any CPU
		Release|Any CPU = Release|Any CPU
	EndGlobalSection
	GlobalSection(ProjectConfigurationPlatforms) = postSolution
		{AFC5A56B-6D1F-4A95-B866-2E9116AD1F66}.Debug|Any CPU.ActiveCfg = Debug|Any CPU
		{AFC5A56B-6D1F-4A95-B866-2E9116AD1F66}.Debug|Any CPU.Build.0 = Debug|Any CPU
		{AFC5A56B-6D1F-4A95-B866-2E9116AD1F66}.Release|Any CPU.ActiveCfg = Release|Any CPU
		{AFC5A56B-6D1F-4A95-B866-2E9116AD1F66}.Release|Any CPU.Build.0 = Release|Any CPU
	EndGlobalSection
	GlobalSection(SolutionProperties) = preSolution
		HideSolutionNode = FALSE
	EndGlobalSection
	GlobalSection(ExtensibilityGlobals) = postSolution
		SolutionGuid = {B2C2BF2C-6E8F-440C-A809-9113A335C4E3}
	EndGlobalSection
EndGlobal
